{
  "name": "threejs-examples",
  "version": "1.0.0",
  "lockfileVersion": 1,
  "requires": true,
  "dependencies": {
    "aframe-audioanalyser-component": {
      "version": "3.0.3",
      "resolved": "https://registry.npmjs.org/aframe-audioanalyser-component/-/aframe-audioanalyser-component-3.0.3.tgz",
      "integrity": "sha1-7/GajmB5Ul3ZR99LpDG5vKI+fQc="
    },
    "three": {
      "version": "0.86.0",
      "resolved": "https://registry.npmjs.org/three/-/three-0.86.0.tgz",
      "integrity": "sha1-HDPkdqFTfpqKGPV5LQJLEEbNIAA="
    }
  }
}
